// !$*UTF8*$!
{
	archiveVersion = 1;
	classes = {
	};
	objectVersion = 46;
	objects = {

/* Begin PBXBuildFile section */
		397CCB031A4D02F8003AF4BD /* AppDelegate.swift in Sources */ = {isa = PBXBuildFile; fileRef = 397CCB021A4D02F8003AF4BD /* AppDelegate.swift */; };
		397CCB051A4D02F8003AF4BD /* ViewController.swift in Sources */ = {isa = PBXBuildFile; fileRef = 397CCB041A4D02F8003AF4BD /* ViewController.swift */; };
		397CCB081A4D02F8003AF4BD /* Main.storyboard in Resources */ = {isa = PBXBuildFile; fileRef = 397CCB061A4D02F8003AF4BD /* Main.storyboard */; };
		397CCB0A1A4D02F8003AF4BD /* Images.xcassets in Resources */ = {isa = PBXBuildFile; fileRef = 397CCB091A4D02F8003AF4BD /* Images.xcassets */; };
		397CCB0D1A4D02F8003AF4BD /* LaunchScreen.xib in Resources */ = {isa = PBXBuildFile; fileRef = 397CCB0B1A4D02F8003AF4BD /* LaunchScreen.xib */; };
		397CCB191A4D02F8003AF4BD /* LocateMeTests.swift in Sources */ = {isa = PBXBuildFile; fileRef = 397CCB181A4D02F8003AF4BD /* LocateMeTests.swift */; };
/* End PBXBuildFile section */

/* Begin PBXContainerItemProxy section */
		397CCB131A4D02F8003AF4BD /* PBXContainerItemProxy */ = {
			isa = PBXContainerItemProxy;
			containerPortal = 397CCAF51A4D02F8003AF4BD /* Project object */;
			proxyType = 1;
			remoteGlobalIDString = 397CCAFC1A4D02F8003AF4BD;
			remoteInfo = LocateMe;
		};
/* End PBXContainerItemProxy section */

/* Begin PBXFileReference section */
		397CCAFD1A4D02F8003AF4BD /* LocateMe.app */ = {isa = PBXFileReference; explicitFileType = wrapper.application; includeInIndex = 0; path = LocateMe.app; sourceTree = BUILT_PRODUCTS_DIR; };
		397CCB011A4D02F8003AF4BD /* Info.plist */ = {isa = PBXFileReference; lastKnownFileType = text.plist.xml; path = Info.plist; sourceTree = "<group>"; };
		397CCB021A4D02F8003AF4BD /* AppDelegate.swift */ = {isa = PBXFileReference; lastKnownFileType = sourcecode.swift; path = AppDelegate.swift; sourceTree = "<group>"; };
		397CCB041A4D02F8003AF4BD /* ViewController.swift */ = {isa = PBXFileReference; lastKnownFileType = sourcecode.swift; path = ViewController.swift; sourceTree = "<group>"; };
		397CCB071A4D02F8003AF4BD /* Base */ = {isa = PBXFileReference; lastKnownFileType = file.storyboard; name = Base; path = Base.lproj/Main.storyboard; sourceTree = "<group>"; };
		397CCB091A4D02F8003AF4BD /* Images.xcassets */ = {isa = PBXFileReference; lastKnownFileType = folder.assetcatalog; path = Images.xcassets; sourceTree = "<group>"; };
		397CCB0C1A4D02F8003AF4BD /* Base */ = {isa = PBXFileReference; lastKnownFileType = file.xib; name = Base; path = Base.lproj/LaunchScreen.xib; sourceTree = "<group>"; };
		397CCB121A4D02F8003AF4BD /* LocateMeTests.xctest */ = {isa = PBXFileReference; explicitFileType = wrapper.cfbundle; includeInIndex = 0; path = LocateMeTests.xctest; sourceTree = BUILT_PRODUCTS_DIR; };
		397CCB171A4D02F8003AF4BD /* Info.plist */ = {isa = PBXFileReference; lastKnownFileType = text.plist.xml; path = Info.plist; sourceTree = "<group>"; };
		397CCB181A4D02F8003AF4BD /* LocateMeTests.swift */ = {isa = PBXFileReference; lastKnownFileType = sourcecode.swift; path = LocateMeTests.swift; sourceTree = "<group>"; };
/* End PBXFileReference section */

/* Begin PBXFrameworksBuildPhase section */
		397CCAFA1A4D02F8003AF4BD /* Frameworks */ = {
			isa = PBXFrameworksBuildPhase;
			buildActionMask = 2147483647;
			files = (
			);
			runOnlyForDeploymentPostprocessing = 0;
		};
		397CCB0F1A4D02F8003AF4BD /* Frameworks */ = {
			isa = PBXFrameworksBuildPhase;
			buildActionMask = 2147483647;
			files = (
			);
			runOnlyForDeploymentPostprocessing = 0;
		};
/* End PBXFrameworksBuildPhase section */

/* Begin PBXGroup section */
		397CCAF41A4D02F8003AF4BD = {
			isa = PBXGroup;
			children = (
				397CCAFF1A4D02F8003AF4BD /* LocateMe */,
				397CCB151A4D02F8003AF4BD /* LocateMeTests */,
				397CCAFE1A4D02F8003AF4BD /* Products */,
			);
			sourceTree = "<group>";
		};
		397CCAFE1A4D02F8003AF4BD /* Products */ = {
			isa = PBXGroup;
			children = (
				397CCAFD1A4D02F8003AF4BD /* LocateMe.app */,
				397CCB121A4D02F8003AF4BD /* LocateMeTests.xctest */,
			);
			name = Products;
			sourceTree = "<group>";
		};
		397CCAFF1A4D02F8003AF4BD /* LocateMe */ = {
			isa = PBXGroup;
			children = (
				397CCB021A4D02F8003AF4BD /* AppDelegate.swift */,
				397CCB041A4D02F8003AF4BD /* ViewController.swift */,
				397CCB061A4D02F8003AF4BD /* Main.storyboard */,
				397CCB091A4D02F8003AF4BD /* Images.xcassets */,
				397CCB0B1A4D02F8003AF4BD /* LaunchScreen.xib */,
				397CCB001A4D02F8003AF4BD /* Supporting Files */,
			);
			path = LocateMe;
			sourceTree = "<group>";
		};
		397CCB001A4D02F8003AF4BD /* Supporting Files */ = {
			isa = PBXGroup;
			children = (
				397CCB011A4D02F8003AF4BD /* Info.plist */,
			);
			name = "Supporting Files";
			sourceTree = "<group>";
		};
		397CCB151A4D02F8003AF4BD /* LocateMeTests */ = {
			isa = PBXGroup;
			children = (
				397CCB181A4D02F8003AF4BD /* LocateMeTests.swift */,
				397CCB161A4D02F8003AF4BD /* Supporting Files */,
			);
			path = LocateMeTests;
			sourceTree = "<group>";
		};
		397CCB161A4D02F8003AF4BD /* Supporting Files */ = {
			isa = PBXGroup;
			children = (
				397CCB171A4D02F8003AF4BD /* Info.plist */,
			);
			name = "Supporting Files";
			sourceTree = "<group>";
		};
/* End PBXGroup section */

/* Begin PBXNativeTarget section */
		397CCAFC1A4D02F8003AF4BD /* LocateMe */ = {
			isa = PBXNativeTarget;
			buildConfigurationList = 397CCB1C1A4D02F8003AF4BD /* Build configuration list for PBXNativeTarget "LocateMe" */;
			buildPhases = (
				397CCAF91A4D02F8003AF4BD /* Sources */,
				397CCAFA1A4D02F8003AF4BD /* Frameworks */,
				397CCAFB1A4D02F8003AF4BD /* Resources */,
			);
			buildRules = (
			);
			dependencies = (
			);
			name = LocateMe;
			productName = LocateMe;
			productReference = 397CCAFD1A4D02F8003AF4BD /* LocateMe.app */;
			productType = "com.apple.product-type.application";
		};
		397CCB111A4D02F8003AF4BD /* LocateMeTests */ = {
			isa = PBXNativeTarget;
			buildConfigurationList = 397CCB1F1A4D02F8003AF4BD /* Build configuration list for PBXNativeTarget "LocateMeTests" */;
			buildPhases = (
				397CCB0E1A4D02F8003AF4BD /* Sources */,
				397CCB0F1A4D02F8003AF4BD /* Frameworks */,
				397CCB101A4D02F8003AF4BD /* Resources */,
			);
			buildRules = (
			);
			dependencies = (
				397CCB141A4D02F8003AF4BD /* PBXTargetDependency */,
			);
			name = LocateMeTests;
			productName = LocateMeTests;
			productReference = 397CCB121A4D02F8003AF4BD /* LocateMeTests.xctest */;
			productType = "com.apple.product-type.bundle.unit-test";
		};
/* End PBXNativeTarget section */

/* Begin PBXProject section */
		397CCAF51A4D02F8003AF4BD /* Project object */ = {
			isa = PBXProject;
			attributes = {
				LastUpgradeCheck = 0610;
				ORGANIZATIONNAME = "Aleksandr Salo";
				TargetAttributes = {
					397CCAFC1A4D02F8003AF4BD = {
						CreatedOnToolsVersion = 6.1.1;
					};
					397CCB111A4D02F8003AF4BD = {
						CreatedOnToolsVersion = 6.1.1;
						TestTargetID = 397CCAFC1A4D02F8003AF4BD;
					};
				};
			};
			buildConfigurationList = 397CCAF81A4D02F8003AF4BD /* Build configuration list for PBXProject "LocateMe" */;
			compatibilityVersion = "Xcode 3.2";
			developmentRegion = English;
			hasScannedForEncodings = 0;
			knownRegions = (
				en,
				Base,
			);
			mainGroup = 397CCAF41A4D02F8003AF4BD;
			productRefGroup = 397CCAFE1A4D02F8003AF4BD /* Products */;
			projectDirPath = "";
			projectRoot = "";
			targets = (
				397CCAFC1A4D02F8003AF4BD /* LocateMe */,
				397CCB111A4D02F8003AF4BD /* LocateMeTests */,
			);
		};
/* End PBXProject section */

/* Begin PBXResourcesBuildPhase section */
		397CCAFB1A4D02F8003AF4BD /* Resources */ = {
			isa = PBXResourcesBuildPhase;
			buildActionMask = 2147483647;
			files = (
				397CCB081A4D02F8003AF4BD /* Main.storyboard in Resources */,
				397CCB0D1A4D02F8003AF4BD /* LaunchScreen.xib in Resources */,
				397CCB0A1A4D02F8003AF4BD /* Images.xcassets in Resources */,
			);
			runOnlyForDeploymentPostprocessing = 0;
		};
		397CCB101A4D02F8003AF4BD /* Resources */ = {
			isa = PBXResourcesBuildPhase;
			buildActionMask = 2147483647;
			files = (
			);
			runOnlyForDeploymentPostprocessing = 0;
		};
/* End PBXResourcesBuildPhase section */

/* Begin PBXSourcesBuildPhase section */
		397CCAF91A4D02F8003AF4BD /* Sources */ = {
			isa = PBXSourcesBuildPhase;
			buildActionMask = 2147483647;
			files = (
				397CCB051A4D02F8003AF4BD /* ViewController.swift in Sources */,
				397CCB031A4D02F8003AF4BD /* AppDelegate.swift in Sources */,
			);
			runOnlyForDeploymentPostprocessing = 0;
		};
		397CCB0E1A4D02F8003AF4BD /* Sources */ = {
			isa = PBXSourcesBuildPhase;
			buildActionMask = 2147483647;
			files = (
				397CCB191A4D02F8003AF4BD /* LocateMeTests.swift in Sources */,
			);
			runOnlyForDeploymentPostprocessing = 0;
		};
/* End PBXSourcesBuildPhase section */

/* Begin PBXTargetDependency section */
		397CCB141A4D02F8003AF4BD /* PBXTargetDependency */ = {
			isa = PBXTargetDependency;
			target = 397CCAFC1A4D02F8003AF4BD /* LocateMe */;
			targetProxy = 397CCB131A4D02F8003AF4BD /* PBXContainerItemProxy */;
		};
/* End PBXTargetDependency section */

/* Begin PBXVariantGroup section */
		397CCB061A4D02F8003AF4BD /* Main.storyboard */ = {
			isa = PBXVariantGroup;
			children = (
				397CCB071A4D02F8003AF4BD /* Base */,
			);
			name = Main.storyboard;
			sourceTree = "<group>";
		};
		397CCB0B1A4D02F8003AF4BD /* LaunchScreen.xib */ = {
			isa = PBXVariantGroup;
			children = (
				397CCB0C1A4D02F8003AF4BD /* Base */,
			);
			name = LaunchScreen.xib;
			sourceTree = "<group>";
		};
/* End PBXVariantGroup section */

/* Begin XCBuildConfiguration section */
		397CCB1A1A4D02F8003AF4BD /* Debug */ = {
			isa = XCBuildConfiguration;
			buildSettings = {
				ALWAYS_SEARCH_USER_PATHS = NO;
				CLANG_CXX_LANGUAGE_STANDARD = "gnu++0x";
				CLANG_CXX_LIBRARY = "libc++";
				CLANG_ENABLE_MODULES = YES;
				CLANG_ENABLE_OBJC_ARC = YES;
				CLANG_WARN_BOOL_CONVERSION = YES;
				CLANG_WARN_CONSTANT_CONVERSION = YES;
				CLANG_WARN_DIRECT_OBJC_ISA_USAGE = YES_ERROR;
				CLANG_WARN_EMPTY_BODY = YES;
				CLANG_WARN_ENUM_CONVERSION = YES;
				CLANG_WARN_INT_CONVERSION = YES;
				CLANG_WARN_OBJC_ROOT_CLASS = YES_ERROR;
				CLANG_WARN_UNREACHABLE_CODE = YES;
				CLANG_WARN__DUPLICATE_METHOD_MATCH = YES;
				"CODE_SIGN_IDENTITY[sdk=iphoneos*]" = "iPhone Developer";
				COPY_PHASE_STRIP = NO;
				ENABLE_STRICT_OBJC_MSGSEND = YES;
				GCC_C_LANGUAGE_STANDARD = gnu99;
				GCC_DYNAMIC_NO_PIC = NO;
				GCC_OPTIMIZATION_LEVEL = 0;
				GCC_PREPROCESSOR_DEFINITIONS = (
					"DEBUG=1",
					"$(inherited)",
				);
				GCC_SYMBOLS_PRIVATE_EXTERN = NO;
				GCC_WARN_64_TO_32_BIT_CONVERSION = YES;
				GCC_WARN_ABOUT_RETURN_TYPE = YES_ERROR;
				GCC_WARN_UNDECLARED_SELECTOR = YES;
				GCC_WARN_UNINITIALIZED_AUTOS = YES_AGGRESSIVE;
				GCC_WARN_UNUSED_FUNCTION = YES;
				GCC_WARN_UNUSED_VARIABLE = YES;
				IPHONEOS_DEPLOYMENT_TARGET = 8.1;
				MTL_ENABLE_DEBUG_INFO = YES;
				ONLY_ACTIVE_ARCH = YES;
				SDKROOT = iphoneos;
				SWIFT_OPTIMIZATION_LEVEL = "-Onone";
			};
			name = Debug;
		};
		397CCB1B1A4D02F8003AF4BD /* Release */ = {
			isa = XCBuildConfiguration;
			buildSettings = {
				ALWAYS_SEARCH_USER_PATHS = NO;
				CLANG_CXX_LANGUAGE_STANDARD = "gnu++0x";
				CLANG_CXX_LIBRARY = "libc++";
				CLANG_ENABLE_MODULES = YES;
				CLANG_ENABLE_OBJC_ARC = YES;
				CLANG_WARN_BOOL_CONVERSION = YES;
				CLANG_WARN_CONSTANT_CONVERSION = YES;
				CLANG_WARN_DIRECT_OBJC_ISA_USAGE = YES_ERROR;
				CLANG_WARN_EMPTY_BODY = YES;
				CLANG_WARN_ENUM_CONVERSION = YES;
				CLANG_WARN_INT_CONVERSION = YES;
				CLANG_WARN_OBJC_ROOT_CLASS = YES_ERROR;
				CLANG_WARN_UNREACHABLE_CODE = YES;
				CLANG_WARN__DUPLICATE_METHOD_MATCH = YES;
				"CODE_SIGN_IDENTITY[sdk=iphoneos*]" = "iPhone Developer";
				COPY_PHASE_STRIP = YES;
				ENABLE_NS_ASSERTIONS = NO;
				ENABLE_STRICT_OBJC_MSGSEND = YES;
				GCC_C_LANGUAGE_STANDARD = gnu99;
				GCC_WARN_64_TO_32_BIT_CONVERSION = YES;
				GCC_WARN_ABOUT_RETURN_TYPE = YES_ERROR;
				GCC_WARN_UNDECLARED_SELECTOR = YES;
				GCC_WARN_UNINITIALIZED_AUTOS = YES_AGGRESSIVE;
				GCC_WARN_UNUSED_FUNCTION = YES;
				GCC_WARN_UNUSED_VARIABLE = YES;
				IPHONEOS_DEPLOYMENT_TARGET = 8.1;
				MTL_ENABLE_DEBUG_INFO = NO;
				SDKROOT = iphoneos;
				VALIDATE_PRODUCT = YES;
			};
			name = Release;
		};
		397CCB1D1A4D02F8003AF4BD /* Debug */ = {
			isa = XCBuildConfiguration;
			buildSettings = {
				ASSETCATALOG_COMPILER_APPICON_NAME = AppIcon;
				INFOPLIST_FILE = LocateMe/Info.plist;
				LD_RUNPATH_SEARCH_PATHS = "$(inherited) @executable_path/Frameworks";
				PRODUCT_NAME = "$(TARGET_NAME)";
			};
			name = Debug;
		};
		397CCB1E1A4D02F8003AF4BD /* Release */ = {
			isa = XCBuildConfiguration;
			buildSettings = {
				ASSETCATALOG_COMPILER_APPICON_NAME = AppIcon;
				INFOPLIST_FILE = LocateMe/Info.plist;
				LD_RUNPATH_SEARCH_PATHS = "$(inherited) @executable_path/Frameworks";
				PRODUCT_NAME = "$(TARGET_NAME)";
			};
			name = Release;
		};
		397CCB201A4D02F8003AF4BD /* Debug */ = {
			isa = XCBuildConfiguration;
			buildSettings = {
				BUNDLE_LOADER = "$(TEST_HOST)";
				FRAMEWORK_SEARCH_PATHS = (
					"$(SDKROOT)/Developer/Library/Frameworks",
					"$(inherited)",
				);
				GCC_PREPROCESSOR_DEFINITIONS = (
					"DEBUG=1",
					"$(inherited)",
				);
				INFOPLIST_FILE = LocateMeTests/Info.plist;
				LD_RUNPATH_SEARCH_PATHS = "$(inherited) @executable_path/Frameworks @loader_path/Frameworks";
				PRODUCT_NAME = "$(TARGET_NAME)";
				TEST_HOST = "$(BUILT_PRODUCTS_DIR)/LocateMe.app/LocateMe";
			};
			name = Debug;
		};
		397CCB211A4D02F8003AF4BD /* Release */ = {
			isa = XCBuildConfiguration;
			buildSettings = {
				BUNDLE_LOADER = "$(TEST_HOST)";
				FRAMEWORK_SEARCH_PATHS = (
					"$(SDKROOT)/Developer/Library/Frameworks",
					"$(inherited)",
				);
				INFOPLIST_FILE = LocateMeTests/Info.plist;
				LD_RUNPATH_SEARCH_PATHS = "$(inherited) @executable_path/Frameworks @loader_path/Frameworks";
				PRODUCT_NAME = "$(TARGET_NAME)";
				TEST_HOST = "$(BUILT_PRODUCTS_DIR)/LocateMe.app/LocateMe";
			};
			name = Release;
		};
/* End XCBuildConfiguration section */

/* Begin XCConfigurationList section */
		397CCAF81A4D02F8003AF4BD /* Build configuration list for PBXProject "LocateMe" */ = {
			isa = XCConfigurationList;
			buildConfigurations = (
				397CCB1A1A4D02F8003AF4BD /* Debug */,
				397CCB1B1A4D02F8003AF4BD /* Release */,
			);
			defaultConfigurationIsVisible = 0;
			defaultConfigurationName = Release;
		};
		397CCB1C1A4D02F8003AF4BD /* Build configuration list for PBXNativeTarget "LocateMe" */ = {
			isa = XCConfigurationList;
			buildConfigurations = (
				397CCB1D1A4D02F8003AF4BD /* Debug */,
				397CCB1E1A4D02F8003AF4BD /* Release */,
			);
			defaultConfigurationIsVisible = 0;
		};
		397CCB1F1A4D02F8003AF4BD /* Build configuration list for PBXNativeTarget "LocateMeTests" */ = {
			isa = XCConfigurationList;
			buildConfigurations = (
				397CCB201A4D02F8003AF4BD /* Debug */,
				397CCB211A4D02F8003AF4BD /* Release */,
			);
			defaultConfigurationIsVisible = 0;
		};
/* End XCConfigurationList section */
	};
	rootObject = 397CCAF51A4D02F8003AF4BD /* Project object */;
}
